{"version":4,"terraform_version":"1.8.3","serial":7,"lineage":"922ac098-06bf-b12d-c524-5a2211818399","outputs":{"asdf":{"value":[{"compartment_id":"ocid1.compartment.oc1..aaaaaaaakh42wv4nuqbm77weqmkvlh3vtyqm2hs3zm4w6gfrgb2pokid2oda","id":"ocid1.availabilitydomain.oc1..aaaaaaaa36jxkehxfoihty2xbagvwiwz4wasae2zpmr3s4oxt45cl3wd5yla","name":"yfre:EU-STOCKHOLM-1-AD-1"}],"type":["list",["object",{"compartment_id":"string","id":"string","name":"string"}]]},"k8s-cluster-id":{"value":"ocid1.cluster.oc1.eu-stockholm-1.aaaaaaaagwtxcfdmp2ir5ivhjqlhlqwzqwx2zeffatybdvjhvcxkehgvocyq","type":"string"}},"resources":[{"mode":"data","type":"oci_identity_availability_domains","name":"ads","provider":"provider[\"registry.opentofu.org/hashicorp/oci\"]","instances":[{"schema_version":0,"attributes":{"availability_domains":[{"compartment_id":"ocid1.compartment.oc1..aaaaaaaakh42wv4nuqbm77weqmkvlh3vtyqm2hs3zm4w6gfrgb2pokid2oda","id":"ocid1.availabilitydomain.oc1..aaaaaaaa36jxkehxfoihty2xbagvwiwz4wasae2zpmr3s4oxt45cl3wd5yla","name":"yfre:EU-STOCKHOLM-1-AD-1"}],"compartment_id":"ocid1.compartment.oc1..aaaaaaaakh42wv4nuqbm77weqmkvlh3vtyqm2hs3zm4w6gfrgb2pokid2oda","filter":null,"id":"IdentityAvailabilityDomainsDataSource-4294029236"},"sensitive_attributes":[]}]},{"mode":"managed","type":"oci_containerengine_cluster","name":"k8s_cluster","provider":"provider[\"registry.opentofu.org/hashicorp/oci\"]","instances":[{"schema_version":0,"attributes":{"available_kubernetes_upgrades":[],"cluster_pod_network_options":[{"cni_type":"FLANNEL_OVERLAY"}],"compartment_id":"ocid1.compartment.oc1..aaaaaaaakh42wv4nuqbm77weqmkvlh3vtyqm2hs3zm4w6gfrgb2pokid2oda","defined_tags":{"Oracle-Tags.CreatedBy":"default/k@itoc.dk","Oracle-Tags.CreatedOn":"2025-01-20T20:49:35.209Z"},"endpoint_config":[{"is_public_ip_enabled":true,"nsg_ids":[],"subnet_id":"ocid1.subnet.oc1.eu-stockholm-1.aaaaaaaarrel6k7ph6cxxt4upiixnlm3yn76k4ypaf2fydamzqzdfkoxdt7a"}],"endpoints":[{"kubernetes":"","private_endpoint":"10.0.0.169:6443","public_endpoint":"158.179.203.19:6443","vcn_hostname_endpoint":""}],"freeform_tags":{},"id":"ocid1.cluster.oc1.eu-stockholm-1.aaaaaaaagwtxcfdmp2ir5ivhjqlhlqwzqwx2zeffatybdvjhvcxkehgvocyq","image_policy_config":[{"is_policy_enabled":false,"key_details":[]}],"kms_key_id":null,"kubernetes_version":"v1.31.1","lifecycle_details":null,"metadata":[{"created_by_user_id":"ocid1.user.oc1..aaaaaaaaqtptnv2ibfgarwfnvxj3xpaei3vgmw2ybnwtnnwwtnrolink3dka","created_by_work_request_id":"ocid1.clustersworkrequest.oc1.eu-stockholm-1.aaaaaaaaw3g3wiyvwpgugx6fcxyd7xnactjkatujuih6gm2fcwzfdhxwa3cq","deleted_by_user_id":"","deleted_by_work_request_id":"","time_created":"2025-01-20 20:49:35 +0000 UTC","time_credential_expiration":"2030-01-20 20:50:10 +0000 UTC","time_deleted":"","time_updated":"","updated_by_user_id":"","updated_by_work_request_id":""}],"name":"free-k8s-cluster","open_id_connect_discovery_endpoint":null,"options":[{"add_ons":[{"is_kubernetes_dashboard_enabled":false,"is_tiller_enabled":false}],"admission_controller_options":[{"is_pod_security_policy_enabled":false}],"kubernetes_network_config":[{"pods_cidr":"10.244.0.0/16","services_cidr":"10.96.0.0/16"}],"open_id_connect_discovery":[],"open_id_connect_token_authentication_config":[],"persistent_volume_config":[{"defined_tags":{},"freeform_tags":{}}],"service_lb_config":[{"defined_tags":{},"freeform_tags":{}}],"service_lb_subnet_ids":["ocid1.subnet.oc1.eu-stockholm-1.aaaaaaaarrel6k7ph6cxxt4upiixnlm3yn76k4ypaf2fydamzqzdfkoxdt7a"]}],"state":"ACTIVE","timeouts":null,"type":"BASIC_CLUSTER","vcn_id":"ocid1.vcn.oc1.eu-stockholm-1.amaaaaaa5tizo3yasxetvfj25wq3pbg5jqvqqgc2nwkfsnsirjim2aynkafq"},"sensitive_attributes":[],"private":"eyJlMmJmYjczMC1lY2FhLTExZTYtOGY4OC0zNDM2M2JjN2M0YzAiOnsiY3JlYXRlIjozNjAwMDAwMDAwMDAwLCJkZWxldGUiOjM2MDAwMDAwMDAwMDAsInVwZGF0ZSI6MzYwMDAwMDAwMDAwMH19","dependencies":["module.vcn.oci_core_internet_gateway.ig","module.vcn.oci_core_local_peering_gateway.lpg","module.vcn.oci_core_route_table.ig","module.vcn.oci_core_vcn.vcn","oci_core_security_list.public_subnet_sl","oci_core_subnet.vcn_public_subnet"]}]},{"mode":"managed","type":"oci_containerengine_node_pool","name":"k8s_node_pool","provider":"provider[\"registry.opentofu.org/hashicorp/oci\"]","instances":[{"status":"tainted","schema_version":0,"attributes":{"cluster_id":"ocid1.cluster.oc1.eu-stockholm-1.aaaaaaaagwtxcfdmp2ir5ivhjqlhlqwzqwx2zeffatybdvjhvcxkehgvocyq","compartment_id":"ocid1.compartment.oc1..aaaaaaaakh42wv4nuqbm77weqmkvlh3vtyqm2hs3zm4w6gfrgb2pokid2oda","defined_tags":{"Oracle-Tags.CreatedBy":"default/k@itoc.dk","Oracle-Tags.CreatedOn":"2025-01-20T22:00:43.908Z"},"freeform_tags":{},"id":"ocid1.nodepool.oc1.eu-stockholm-1.aaaaaaaam6hfonckidmggum3pda2ql7f5a7cdjyaigdh47of6nvh476ejdwq","initial_node_labels":[{"key":"name","value":"free-k8s-cluster"}],"kubernetes_version":"v1.31.1","lifecycle_details":null,"name":"free-k8s-node-pool","node_config_details":[{"defined_tags":{},"freeform_tags":{},"is_pv_encryption_in_transit_enabled":false,"kms_key_id":"","node_pool_pod_network_option_details":[{"cni_type":"FLANNEL_OVERLAY","max_pods_per_node":0,"pod_nsg_ids":[],"pod_subnet_ids":[]}],"nsg_ids":[],"placement_configs":[{"availability_domain":"yfre:EU-STOCKHOLM-1-AD-1","capacity_reservation_id":"","fault_domains":[],"preemptible_node_config":[],"subnet_id":"ocid1.subnet.oc1.eu-stockholm-1.aaaaaaaawwn7gt7d4qrmcwwrdzzhfbindsa6fvht3c3wp5c4uns63y3ug2vq"}],"size":2}],"node_eviction_node_pool_settings":[],"node_image_id":"ocid1.image.oc1.eu-stockholm-1.aaaaaaaanosidurjvmhvgzjr6j3qkqouzz2cp3um5q2m5vzlt6mw4ra6tnfq","node_image_name":"Oracle-Linux-8.10-aarch64-2024.10.31-0","node_metadata":{},"node_pool_cycling_details":[],"node_shape":"VM.Standard.A1.Flex","node_shape_config":[{"memory_in_gbs":6,"ocpus":1}],"node_source":[{"image_id":"ocid1.image.oc1.eu-stockholm-1.aaaaaaaanosidurjvmhvgzjr6j3qkqouzz2cp3um5q2m5vzlt6mw4ra6tnfq","source_name":"Oracle-Linux-8.10-aarch64-2024.10.31-0","source_type":"IMAGE"}],"node_source_details":[{"boot_volume_size_in_gbs":"","image_id":"ocid1.image.oc1.eu-stockholm-1.aaaaaaaanosidurjvmhvgzjr6j3qkqouzz2cp3um5q2m5vzlt6mw4ra6tnfq","source_type":"IMAGE"}],"nodes":[],"quantity_per_subnet":0,"ssh_public_key":"ssh-ed25519 AAAAC3NzaC1lZDI1NTE5AAAAIPvsl8ZP80iXU7IF34ckOTzfOV2mK/vN5YcD/BvtanGQ kristoffer.egefelt@mac22556","state":"CREATING","subnet_ids":["ocid1.subnet.oc1.eu-stockholm-1.aaaaaaaawwn7gt7d4qrmcwwrdzzhfbindsa6fvht3c3wp5c4uns63y3ug2vq"],"timeouts":null},"sensitive_attributes":[],"private":"eyJlMmJmYjczMC1lY2FhLTExZTYtOGY4OC0zNDM2M2JjN2M0YzAiOnsiY3JlYXRlIjozMDAwMDAwMDAwMDAwLCJkZWxldGUiOjMwMDAwMDAwMDAwMDAsInVwZGF0ZSI6MzAwMDAwMDAwMDAwMH19","dependencies":["data.oci_identity_availability_domains.ads","module.vcn.data.oci_core_services.all_oci_services","module.vcn.oci_core_internet_gateway.ig","module.vcn.oci_core_local_peering_gateway.lpg","module.vcn.oci_core_nat_gateway.nat_gateway","module.vcn.oci_core_route_table.ig","module.vcn.oci_core_route_table.nat","module.vcn.oci_core_service_gateway.service_gateway","module.vcn.oci_core_vcn.vcn","oci_containerengine_cluster.k8s_cluster","oci_core_security_list.private_subnet_sl","oci_core_security_list.public_subnet_sl","oci_core_subnet.vcn_private_subnet","oci_core_subnet.vcn_public_subnet"]}]},{"mode":"managed","type":"oci_core_security_list","name":"private_subnet_sl","provider":"provider[\"registry.opentofu.org/hashicorp/oci\"]","instances":[{"schema_version":0,"attributes":{"compartment_id":"ocid1.compartment.oc1..aaaaaaaakh42wv4nuqbm77weqmkvlh3vtyqm2hs3zm4w6gfrgb2pokid2oda","defined_tags":{"Oracle-Tags.CreatedBy":"default/k@itoc.dk","Oracle-Tags.CreatedOn":"2025-01-20T20:45:45.724Z"},"display_name":"free-k8s-private-subnet-sl","egress_security_rules":[{"description":"","destination":"0.0.0.0/0","destination_type":"CIDR_BLOCK","icmp_options":[],"protocol":"all","stateless":false,"tcp_options":[],"udp_options":[]}],"freeform_tags":{},"id":"ocid1.securitylist.oc1.eu-stockholm-1.aaaaaaaasmvdouvupndgkm7yr6sakifqybrj23btdvxoxgrbksnaqf6hzzzq","ingress_security_rules":[{"description":"","icmp_options":[],"protocol":"all","source":"10.0.0.0/16","source_type":"CIDR_BLOCK","stateless":false,"tcp_options":[],"udp_options":[]}],"state":"AVAILABLE","time_created":"2025-01-20 20:45:45.85 +0000 UTC","timeouts":null,"vcn_id":"ocid1.vcn.oc1.eu-stockholm-1.amaaaaaa5tizo3yasxetvfj25wq3pbg5jqvqqgc2nwkfsnsirjim2aynkafq"},"sensitive_attributes":[],"private":"eyJlMmJmYjczMC1lY2FhLTExZTYtOGY4OC0zNDM2M2JjN2M0YzAiOnsiY3JlYXRlIjoxMjAwMDAwMDAwMDAwLCJkZWxldGUiOjEyMDAwMDAwMDAwMDAsInVwZGF0ZSI6MTIwMDAwMDAwMDAwMH19","dependencies":["module.vcn.oci_core_vcn.vcn"]}]},{"mode":"managed","type":"oci_core_security_list","name":"public_subnet_sl","provider":"provider[\"registry.opentofu.org/hashicorp/oci\"]","instances":[{"schema_version":0,"attributes":{"compartment_id":"ocid1.compartment.oc1..aaaaaaaakh42wv4nuqbm77weqmkvlh3vtyqm2hs3zm4w6gfrgb2pokid2oda","defined_tags":{"Oracle-Tags.CreatedBy":"default/k@itoc.dk","Oracle-Tags.CreatedOn":"2025-01-20T20:45:45.696Z"},"display_name":"free-k8s-public-subnet-sl","egress_security_rules":[{"description":"","destination":"0.0.0.0/0","destination_type":"CIDR_BLOCK","icmp_options":[],"protocol":"all","stateless":false,"tcp_options":[],"udp_options":[]}],"freeform_tags":{},"id":"ocid1.securitylist.oc1.eu-stockholm-1.aaaaaaaad5vcviwrujepxkja6gzheet37eby7irbqbd7q2vvevr2fs6jzg3q","ingress_security_rules":[{"description":"","icmp_options":[],"protocol":"6","source":"0.0.0.0/0","source_type":"CIDR_BLOCK","stateless":false,"tcp_options":[{"max":6443,"min":6443,"source_port_range":[]}],"udp_options":[]},{"description":"","icmp_options":[],"protocol":"all","source":"10.0.0.0/16","source_type":"CIDR_BLOCK","stateless":false,"tcp_options":[],"udp_options":[]}],"state":"AVAILABLE","time_created":"2025-01-20 20:45:45.742 +0000 UTC","timeouts":null,"vcn_id":"ocid1.vcn.oc1.eu-stockholm-1.amaaaaaa5tizo3yasxetvfj25wq3pbg5jqvqqgc2nwkfsnsirjim2aynkafq"},"sensitive_attributes":[],"private":"eyJlMmJmYjczMC1lY2FhLTExZTYtOGY4OC0zNDM2M2JjN2M0YzAiOnsiY3JlYXRlIjoxMjAwMDAwMDAwMDAwLCJkZWxldGUiOjEyMDAwMDAwMDAwMDAsInVwZGF0ZSI6MTIwMDAwMDAwMDAwMH19","dependencies":["module.vcn.oci_core_vcn.vcn"]}]},{"mode":"managed","type":"oci_core_subnet","name":"vcn_private_subnet","provider":"provider[\"registry.opentofu.org/hashicorp/oci\"]","instances":[{"schema_version":0,"attributes":{"availability_domain":null,"cidr_block":"10.0.1.0/24","compartment_id":"ocid1.compartment.oc1..aaaaaaaakh42wv4nuqbm77weqmkvlh3vtyqm2hs3zm4w6gfrgb2pokid2oda","defined_tags":{"Oracle-Tags.CreatedBy":"default/k@itoc.dk","Oracle-Tags.CreatedOn":"2025-01-20T20:45:46.165Z"},"dhcp_options_id":"ocid1.dhcpoptions.oc1.eu-stockholm-1.aaaaaaaamsy36ojvsnq3bkq7p5zdrvrze4gqadrwbfbctinqiameiillimbq","display_name":"free-k8s-private-subnet","dns_label":null,"freeform_tags":{},"id":"ocid1.subnet.oc1.eu-stockholm-1.aaaaaaaawwn7gt7d4qrmcwwrdzzhfbindsa6fvht3c3wp5c4uns63y3ug2vq","ipv6cidr_block":null,"ipv6cidr_blocks":[],"ipv6virtual_router_ip":null,"prohibit_internet_ingress":true,"prohibit_public_ip_on_vnic":true,"route_table_id":"ocid1.routetable.oc1.eu-stockholm-1.aaaaaaaayw3m4cnnx5yl2owtlgzx7gu7erxwm3c7hand3yvj324ar3idjtyq","security_list_ids":["ocid1.securitylist.oc1.eu-stockholm-1.aaaaaaaasmvdouvupndgkm7yr6sakifqybrj23btdvxoxgrbksnaqf6hzzzq"],"state":"AVAILABLE","subnet_domain_name":null,"time_created":"2025-01-20 20:45:46.389 +0000 UTC","timeouts":null,"vcn_id":"ocid1.vcn.oc1.eu-stockholm-1.amaaaaaa5tizo3yasxetvfj25wq3pbg5jqvqqgc2nwkfsnsirjim2aynkafq","virtual_router_ip":"10.0.1.1","virtual_router_mac":"00:00:17:EE:74:8D"},"sensitive_attributes":[],"private":"eyJlMmJmYjczMC1lY2FhLTExZTYtOGY4OC0zNDM2M2JjN2M0YzAiOnsiY3JlYXRlIjoxMjAwMDAwMDAwMDAwLCJkZWxldGUiOjEyMDAwMDAwMDAwMDAsInVwZGF0ZSI6MTIwMDAwMDAwMDAwMH19","dependencies":["module.vcn.data.oci_core_services.all_oci_services","module.vcn.oci_core_local_peering_gateway.lpg","module.vcn.oci_core_nat_gateway.nat_gateway","module.vcn.oci_core_route_table.nat","module.vcn.oci_core_service_gateway.service_gateway","module.vcn.oci_core_vcn.vcn","oci_core_security_list.private_subnet_sl"]}]},{"mode":"managed","type":"oci_core_subnet","name":"vcn_public_subnet","provider":"provider[\"registry.opentofu.org/hashicorp/oci\"]","instances":[{"schema_version":0,"attributes":{"availability_domain":null,"cidr_block":"10.0.0.0/24","compartment_id":"ocid1.compartment.oc1..aaaaaaaakh42wv4nuqbm77weqmkvlh3vtyqm2hs3zm4w6gfrgb2pokid2oda","defined_tags":{"Oracle-Tags.CreatedBy":"default/k@itoc.dk","Oracle-Tags.CreatedOn":"2025-01-20T20:45:46.044Z"},"dhcp_options_id":"ocid1.dhcpoptions.oc1.eu-stockholm-1.aaaaaaaamsy36ojvsnq3bkq7p5zdrvrze4gqadrwbfbctinqiameiillimbq","display_name":"free-k8s-public-subnet","dns_label":null,"freeform_tags":{},"id":"ocid1.subnet.oc1.eu-stockholm-1.aaaaaaaarrel6k7ph6cxxt4upiixnlm3yn76k4ypaf2fydamzqzdfkoxdt7a","ipv6cidr_block":null,"ipv6cidr_blocks":[],"ipv6virtual_router_ip":null,"prohibit_internet_ingress":false,"prohibit_public_ip_on_vnic":false,"route_table_id":"ocid1.routetable.oc1.eu-stockholm-1.aaaaaaaayw3m4cnnx5yl2owtlgzx7gu7erxwm3c7hand3yvj324ar3idjtyq","security_list_ids":["ocid1.securitylist.oc1.eu-stockholm-1.aaaaaaaad5vcviwrujepxkja6gzheet37eby7irbqbd7q2vvevr2fs6jzg3q"],"state":"AVAILABLE","subnet_domain_name":null,"time_created":"2025-01-20 20:45:46.076 +0000 UTC","timeouts":null,"vcn_id":"ocid1.vcn.oc1.eu-stockholm-1.amaaaaaa5tizo3yasxetvfj25wq3pbg5jqvqqgc2nwkfsnsirjim2aynkafq","virtual_router_ip":"10.0.0.1","virtual_router_mac":"00:00:17:EE:74:8D"},"sensitive_attributes":[],"private":"eyJlMmJmYjczMC1lY2FhLTExZTYtOGY4OC0zNDM2M2JjN2M0YzAiOnsiY3JlYXRlIjoxMjAwMDAwMDAwMDAwLCJkZWxldGUiOjEyMDAwMDAwMDAwMDAsInVwZGF0ZSI6MTIwMDAwMDAwMDAwMH19","dependencies":["module.vcn.oci_core_internet_gateway.ig","module.vcn.oci_core_local_peering_gateway.lpg","module.vcn.oci_core_route_table.ig","module.vcn.oci_core_vcn.vcn","oci_core_security_list.public_subnet_sl"]}]},{"module":"module.vcn","mode":"data","type":"oci_core_services","name":"all_oci_services","provider":"provider[\"registry.opentofu.org/oracle/oci\"]","instances":[]},{"module":"module.vcn","mode":"managed","type":"oci_core_default_security_list","name":"lockdown","provider":"provider[\"registry.opentofu.org/oracle/oci\"]","instances":[{"index_key":0,"schema_version":0,"attributes":{"compartment_id":"ocid1.compartment.oc1..aaaaaaaakh42wv4nuqbm77weqmkvlh3vtyqm2hs3zm4w6gfrgb2pokid2oda","defined_tags":{"Oracle-Tags.CreatedBy":"default/k@itoc.dk","Oracle-Tags.CreatedOn":"2025-01-20T20:44:13.957Z"},"display_name":"Default Security List for kubernetes-vcn","egress_security_rules":[],"freeform_tags":{"module":"oracle-terraform-modules/vcn/oci","terraformed":"Please do not edit manually"},"id":"ocid1.securitylist.oc1.eu-stockholm-1.aaaaaaaaxvpcdx2wv6xydmjkgkzki36shqfbjkcqtn6zw3lmwz4k2irahirq","ingress_security_rules":[],"manage_default_resource_id":"ocid1.securitylist.oc1.eu-stockholm-1.aaaaaaaaxvpcdx2wv6xydmjkgkzki36shqfbjkcqtn6zw3lmwz4k2irahirq","state":"AVAILABLE","time_created":"2025-01-20 20:44:14.094 +0000 UTC","timeouts":null},"sensitive_attributes":[],"private":"eyJlMmJmYjczMC1lY2FhLTExZTYtOGY4OC0zNDM2M2JjN2M0YzAiOnsiY3JlYXRlIjoxMjAwMDAwMDAwMDAwLCJkZWxldGUiOjEyMDAwMDAwMDAwMDAsInVwZGF0ZSI6MTIwMDAwMDAwMDAwMH19","dependencies":["module.vcn.oci_core_vcn.vcn"]}]},{"module":"module.vcn","mode":"managed","type":"oci_core_internet_gateway","name":"ig","provider":"provider[\"registry.opentofu.org/oracle/oci\"]","instances":[]},{"module":"module.vcn","mode":"managed","type":"oci_core_local_peering_gateway","name":"lpg","provider":"provider[\"registry.opentofu.org/oracle/oci\"]","instances":[]},{"module":"module.vcn","mode":"managed","type":"oci_core_nat_gateway","name":"nat_gateway","provider":"provider[\"registry.opentofu.org/oracle/oci\"]","instances":[]},{"module":"module.vcn","mode":"managed","type":"oci_core_route_table","name":"ig","provider":"provider[\"registry.opentofu.org/oracle/oci\"]","instances":[]},{"module":"module.vcn","mode":"managed","type":"oci_core_route_table","name":"nat","provider":"provider[\"registry.opentofu.org/oracle/oci\"]","instances":[]},{"module":"module.vcn","mode":"managed","type":"oci_core_service_gateway","name":"service_gateway","provider":"provider[\"registry.opentofu.org/oracle/oci\"]","instances":[]},{"module":"module.vcn","mode":"managed","type":"oci_core_vcn","name":"vcn","provider":"provider[\"registry.opentofu.org/oracle/oci\"]","instances":[{"schema_version":0,"attributes":{"byoipv6cidr_blocks":[],"byoipv6cidr_details":[],"cidr_block":"10.0.0.0/16","cidr_blocks":["10.0.0.0/16"],"compartment_id":"ocid1.compartment.oc1..aaaaaaaakh42wv4nuqbm77weqmkvlh3vtyqm2hs3zm4w6gfrgb2pokid2oda","default_dhcp_options_id":"ocid1.dhcpoptions.oc1.eu-stockholm-1.aaaaaaaamsy36ojvsnq3bkq7p5zdrvrze4gqadrwbfbctinqiameiillimbq","default_route_table_id":"ocid1.routetable.oc1.eu-stockholm-1.aaaaaaaayw3m4cnnx5yl2owtlgzx7gu7erxwm3c7hand3yvj324ar3idjtyq","default_security_list_id":"ocid1.securitylist.oc1.eu-stockholm-1.aaaaaaaaxvpcdx2wv6xydmjkgkzki36shqfbjkcqtn6zw3lmwz4k2irahirq","defined_tags":{"Oracle-Tags.CreatedBy":"default/k@itoc.dk","Oracle-Tags.CreatedOn":"2025-01-20T20:44:13.957Z"},"display_name":"kubernetes-vcn","dns_label":"vcnmodule","freeform_tags":{"module":"oracle-terraform-modules/vcn/oci","terraformed":"Please do not edit manually"},"id":"ocid1.vcn.oc1.eu-stockholm-1.amaaaaaa5tizo3yasxetvfj25wq3pbg5jqvqqgc2nwkfsnsirjim2aynkafq","ipv6cidr_blocks":["2603:c026:302:e300::/56"],"ipv6private_cidr_blocks":[],"is_ipv6enabled":true,"is_oracle_gua_allocation_enabled":null,"security_attributes":{},"state":"AVAILABLE","time_created":"2025-01-20 20:44:14.094 +0000 UTC","timeouts":null,"vcn_domain_name":"vcnmodule.oraclevcn.com"},"sensitive_attributes":[],"private":"eyJlMmJmYjczMC1lY2FhLTExZTYtOGY4OC0zNDM2M2JjN2M0YzAiOnsiY3JlYXRlIjoxMjAwMDAwMDAwMDAwLCJkZWxldGUiOjEyMDAwMDAwMDAwMDAsInVwZGF0ZSI6MTIwMDAwMDAwMDAwMH19"}]}],"check_results":[{"object_kind":"var","config_addr":"module.vcn.var.nat_gateway_display_name","status":"pass","objects":[{"object_addr":"module.vcn.var.nat_gateway_display_name","status":"pass"}]},{"object_kind":"var","config_addr":"module.vcn.var.vcn_name","status":"pass","objects":[{"object_addr":"module.vcn.var.vcn_name","status":"pass"}]},{"object_kind":"var","config_addr":"module.vcn.var.internet_gateway_display_name","status":"pass","objects":[{"object_addr":"module.vcn.var.internet_gateway_display_name","status":"pass"}]},{"object_kind":"var","config_addr":"module.vcn.var.vcn_dns_label","status":"pass","objects":[{"object_addr":"module.vcn.var.vcn_dns_label","status":"pass"}]},{"object_kind":"var","config_addr":"module.vcn.var.service_gateway_display_name","status":"pass","objects":[{"object_addr":"module.vcn.var.service_gateway_display_name","status":"pass"}]}]}
